{
  "name": "kromgo-assets",
  "version": "0.0.0",
  "lockfileVersion": 3,
  "requires": true,
  "packages": {
    "": {
      "name": "kromgo-assets",
      "version": "0.0.0",
      "license": "Apache-2.0",
      "dependencies": {
        "@expo-google-fonts/comic-neue": "0.4.1",
        "@mdi/svg": "7.4.47",
        "dejavu-fonts-ttf": "2.37.3",
        "github-markdown-css": "5.9.0",
        "marked": "18.0.5",
        "simple-icons": "16.22.0"
      }
    },
    "node_modules/@expo-google-fonts/comic-neue": {
      "version": "0.4.1",
      "resolved": "https://registry.npmjs.org/@expo-google-fonts/comic-neue/-/comic-neue-0.4.1.tgz",
      "integrity": "sha512-1kYFjZeSQnGFeMnwk/B7M3p+og5eW6QZLxjMeMiZ/7TnP2IEAdYo0Gjy3XH2TpoiBHS9PAwEHaETVthVPsF09Q==",
      "license": "MIT AND OFL-1.1"
    },
    "node_modules/@mdi/svg": {
      "version": "7.4.47",
      "resolved": "https://registry.npmjs.org/@mdi/svg/-/svg-7.4.47.tgz",
      "integrity": "sha512-WQ2gDll12T9WD34fdRFgQVgO8bag3gavrAgJ0frN4phlwdJARpE6gO1YvLEMJR0KKgoc+/Ea/A0Pp11I00xBvw==",
      "license": "Apache-2.0"
    },
    "node_modules/dejavu-fonts-ttf": {
      "version": "2.37.3",
      "resolved": "https://registry.npmjs.org/dejavu-fonts-ttf/-/dejavu-fonts-ttf-2.37.3.tgz",
      "integrity": "sha512-f1hd7jJbeQa1VWcw+K2KrTXS50zTMaHpVC4XIKJpNcDeYR5ajMtj/iLlQDYNvLOKamUB3ARVVCf79lNwNVztSQ==",
      "license": "SEE LICENSE IN README.md AND LICENSE"
    },
    "node_modules/github-markdown-css": {
      "version": "5.9.0",
      "resolved": "https://registry.npmjs.org/github-markdown-css/-/github-markdown-css-5.9.0.tgz",
      "integrity": "sha512-tmT5sY+zvg2302XLYEfH2mtkViIM1SWf2nvYoF5N1ZsO0V6B2qZTiw3GOzw4vpjLygK/KG35qRlPFweHqfzz5w==",
      "license": "MIT",
      "engines": {
        "node": ">=10"
      },
      "funding": {
        "url": "https://github.com/sponsors/sindresorhus"
      }
    },
    "node_modules/marked": {
      "version": "18.0.5",
      "resolved": "https://registry.npmjs.org/marked/-/marked-18.0.5.tgz",
      "integrity": "sha512-S6GcvALHg6K4ohtu4E7x0a1AqhAjp6cV8KhLSyN9qVapnzJkusVBxZRcIU9AeYsbe6P1hKDusSbEOzGyyuce6w==",
      "license": "MIT",
      "bin": {
        "marked": "bin/marked.js"
      },
      "engines": {
        "node": ">= 20"
      }
    },
    "node_modules/simple-icons": {
      "version": "16.22.0",
      "resolved": "https://registry.npmjs.org/simple-icons/-/simple-icons-16.22.0.tgz",
      "integrity": "sha512-/raPcEWh89R2O2IMmHum6W2dF99NNX3yWikVXKUalkDIWz3Rw/S2S+oDPTgJcIGsRh+25m0y8vj4aBaV/KPz3Q==",
      "funding": [
        {
          "type": "opencollective",
          "url": "https://opencollective.com/simple-icons"
        },
        {
          "type": "github",
          "url": "https://github.com/sponsors/simple-icons"
        }
      ],
      "license": "CC0-1.0",
      "engines": {
        "node": ">=0.12.18"
      }
    }
  }
}
