# @generated - this file is auto-generated by `mise lock` https://mise.en.dev/dev-tools/mise-lock.html

[[tools."aqua:dadav/helm-schema"]]
version = "0.23.4"
backend = "aqua:dadav/helm-schema"

[tools."aqua:dadav/helm-schema"."platforms.linux-arm64"]
checksum = "sha256:f45e427aef848a1565a1341e3d2468840c64dc1d2c0f3b276982b852d587abe8"
url = "https://github.com/dadav/helm-schema/releases/download/0.23.4/helm-schema_0.23.4_Linux_arm64.tar.gz"

[tools."aqua:dadav/helm-schema"."platforms.linux-arm64-musl"]
checksum = "sha256:f45e427aef848a1565a1341e3d2468840c64dc1d2c0f3b276982b852d587abe8"
url = "https://github.com/dadav/helm-schema/releases/download/0.23.4/helm-schema_0.23.4_Linux_arm64.tar.gz"

[tools."aqua:dadav/helm-schema"."platforms.linux-x64"]
checksum = "sha256:02d7aeb3b915b431a007402778f338daf77839d563cea62d9b375896028a72c7"
url = "https://github.com/dadav/helm-schema/releases/download/0.23.4/helm-schema_0.23.4_Linux_x86_64.tar.gz"

[tools."aqua:dadav/helm-schema"."platforms.linux-x64-musl"]
checksum = "sha256:02d7aeb3b915b431a007402778f338daf77839d563cea62d9b375896028a72c7"
url = "https://github.com/dadav/helm-schema/releases/download/0.23.4/helm-schema_0.23.4_Linux_x86_64.tar.gz"

[tools."aqua:dadav/helm-schema"."platforms.macos-arm64"]
checksum = "sha256:e0075eab02f304a8d11bf8a94480fa34ec4f2db2460978d656738bf22f1106d4"
url = "https://github.com/dadav/helm-schema/releases/download/0.23.4/helm-schema_0.23.4_Darwin_arm64.tar.gz"

[tools."aqua:dadav/helm-schema"."platforms.macos-x64"]
checksum = "sha256:568945c206f746d45bb366369b257dd3ea25fdb8597a6c34ef678fb688b12ebf"
url = "https://github.com/dadav/helm-schema/releases/download/0.23.4/helm-schema_0.23.4_Darwin_x86_64.tar.gz"

[tools."aqua:dadav/helm-schema"."platforms.windows-x64"]
checksum = "sha256:261f93081473ae8d465b29320f55282d979af9aa2c0585ad82dbc10db4d89175"
url = "https://github.com/dadav/helm-schema/releases/download/0.23.4/helm-schema_0.23.4_Windows_x86_64.zip"

[[tools.go]]
version = "1.26.4"
backend = "core:go"

[tools.go."platforms.linux-arm64"]
checksum = "sha256:ef758ae7c6cf9267c9c0ef080b8965f453d89ab2d25d9eb22de4405925238768"
url = "https://dl.google.com/go/go1.26.4.linux-arm64.tar.gz"

[tools.go."platforms.linux-arm64-musl"]
checksum = "sha256:ef758ae7c6cf9267c9c0ef080b8965f453d89ab2d25d9eb22de4405925238768"
url = "https://dl.google.com/go/go1.26.4.linux-arm64.tar.gz"

[tools.go."platforms.linux-x64"]
checksum = "sha256:1153d3d50e0ac764b447adfe05c2bcf08e889d42a02e0fe0259bd47f6733ad7f"
url = "https://dl.google.com/go/go1.26.4.linux-amd64.tar.gz"

[tools.go."platforms.linux-x64-musl"]
checksum = "sha256:1153d3d50e0ac764b447adfe05c2bcf08e889d42a02e0fe0259bd47f6733ad7f"
url = "https://dl.google.com/go/go1.26.4.linux-amd64.tar.gz"

[tools.go."platforms.macos-arm64"]
checksum = "sha256:b62ad2b6d7d2464f12a5bcad7ff47f19d08325773b5efd21610e445a05a9bf53"
url = "https://dl.google.com/go/go1.26.4.darwin-arm64.tar.gz"

[tools.go."platforms.macos-x64"]
checksum = "sha256:05dc9b5f9997744520aaebb3d5deaa7c755371aebbfb7f97c2511a9f3367538d"
url = "https://dl.google.com/go/go1.26.4.darwin-amd64.tar.gz"

[tools.go."platforms.windows-x64"]
checksum = "sha256:3ca8fb4630b07c419cbdd51f754e31363cfcfb83b3a5354d9e895c90be2cc345"
url = "https://dl.google.com/go/go1.26.4.windows-amd64.zip"

[[tools.golangci-lint]]
version = "2.12.2"
backend = "aqua:golangci/golangci-lint"

[tools.golangci-lint."platforms.linux-arm64"]
checksum = "sha256:44cd40a8c76c86755375adfeea52cfd3533cb43d7bd647771e0ae065e166df3a"
url = "https://github.com/golangci/golangci-lint/releases/download/v2.12.2/golangci-lint-2.12.2-linux-arm64.tar.gz"
provenance = "github-attestations"

[tools.golangci-lint."platforms.linux-arm64-musl"]
checksum = "sha256:44cd40a8c76c86755375adfeea52cfd3533cb43d7bd647771e0ae065e166df3a"
url = "https://github.com/golangci/golangci-lint/releases/download/v2.12.2/golangci-lint-2.12.2-linux-arm64.tar.gz"
provenance = "github-attestations"

[tools.golangci-lint."platforms.linux-x64"]
checksum = "sha256:8df580d2670fed8fa984aac0507099af8df275e665215f5c7a2ae3943893a553"
url = "https://github.com/golangci/golangci-lint/releases/download/v2.12.2/golangci-lint-2.12.2-linux-amd64.tar.gz"
provenance = "github-attestations"

[tools.golangci-lint."platforms.linux-x64-musl"]
checksum = "sha256:8df580d2670fed8fa984aac0507099af8df275e665215f5c7a2ae3943893a553"
url = "https://github.com/golangci/golangci-lint/releases/download/v2.12.2/golangci-lint-2.12.2-linux-amd64.tar.gz"
provenance = "github-attestations"

[tools.golangci-lint."platforms.macos-arm64"]
checksum = "sha256:a9c54498731b3128f79e090be6110f3e5fffccc617b08142ed244d4126c73f29"
url = "https://github.com/golangci/golangci-lint/releases/download/v2.12.2/golangci-lint-2.12.2-darwin-arm64.tar.gz"
provenance = "github-attestations"

[tools.golangci-lint."platforms.macos-x64"]
checksum = "sha256:f6f06d94b6241521c53d15450c5209b028270bf966f842afb11c030c79f5bc16"
url = "https://github.com/golangci/golangci-lint/releases/download/v2.12.2/golangci-lint-2.12.2-darwin-amd64.tar.gz"
provenance = "github-attestations"

[tools.golangci-lint."platforms.windows-x64"]
checksum = "sha256:bd42e3ebc8cb4ececb86941983baaf1dc221bbb04d838e94ce63b49cc91e02bb"
url = "https://github.com/golangci/golangci-lint/releases/download/v2.12.2/golangci-lint-2.12.2-windows-amd64.zip"
provenance = "github-attestations"

[[tools.helm]]
version = "4.2.0"
backend = "aqua:helm/helm"

[tools.helm."platforms.linux-arm64"]
checksum = "sha256:1f8de130dfbd04de64978e7b852a7a547be1404956a366608276d2520b678670"
url = "https://get.helm.sh/helm-v4.2.0-linux-arm64.tar.gz"

[tools.helm."platforms.linux-arm64-musl"]
checksum = "sha256:1f8de130dfbd04de64978e7b852a7a547be1404956a366608276d2520b678670"
url = "https://get.helm.sh/helm-v4.2.0-linux-arm64.tar.gz"

[tools.helm."platforms.linux-x64"]
checksum = "sha256:97dbeb971be4ac4b27e3839976d9564c0fb35c6f3b1da89dd1e292d236af4096"
url = "https://get.helm.sh/helm-v4.2.0-linux-amd64.tar.gz"

[tools.helm."platforms.linux-x64-musl"]
checksum = "sha256:97dbeb971be4ac4b27e3839976d9564c0fb35c6f3b1da89dd1e292d236af4096"
url = "https://get.helm.sh/helm-v4.2.0-linux-amd64.tar.gz"

[tools.helm."platforms.macos-arm64"]
checksum = "sha256:f13f959015447b6bc309f9fd506509926543988a39035c088b52522ec95e2acb"
url = "https://get.helm.sh/helm-v4.2.0-darwin-arm64.tar.gz"

[tools.helm."platforms.macos-x64"]
checksum = "sha256:1376ea697140e4db316736e760d5a47d12afc1524dce704476ef06fd7fdeddc6"
url = "https://get.helm.sh/helm-v4.2.0-darwin-amd64.tar.gz"

[tools.helm."platforms.windows-x64"]
checksum = "sha256:34bf9659f8f04f3841a60131183b8e2acc44e260db4c93b889ff09718cacca6f"
url = "https://get.helm.sh/helm-v4.2.0-windows-amd64.tar.gz"

[[tools.helm-docs]]
version = "1.14.2"
backend = "aqua:norwoodj/helm-docs"

[tools.helm-docs."platforms.linux-arm64"]
checksum = "sha256:c3787212332386dcd122debef7848feb165aa701467ae3e3442df7638f3ac4e4"
url = "https://github.com/norwoodj/helm-docs/releases/download/v1.14.2/helm-docs_1.14.2_Linux_arm64.tar.gz"

[tools.helm-docs."platforms.linux-arm64-musl"]
checksum = "sha256:c3787212332386dcd122debef7848feb165aa701467ae3e3442df7638f3ac4e4"
url = "https://github.com/norwoodj/helm-docs/releases/download/v1.14.2/helm-docs_1.14.2_Linux_arm64.tar.gz"

[tools.helm-docs."platforms.linux-x64"]
checksum = "sha256:a8cf72ada34fad93285ba2a452b38bdc5bd52cc9a571236244ec31022928d6cc"
url = "https://github.com/norwoodj/helm-docs/releases/download/v1.14.2/helm-docs_1.14.2_Linux_x86_64.tar.gz"

[tools.helm-docs."platforms.linux-x64-musl"]
checksum = "sha256:a8cf72ada34fad93285ba2a452b38bdc5bd52cc9a571236244ec31022928d6cc"
url = "https://github.com/norwoodj/helm-docs/releases/download/v1.14.2/helm-docs_1.14.2_Linux_x86_64.tar.gz"

[tools.helm-docs."platforms.macos-arm64"]
checksum = "sha256:2d8399db5b33d240d5f8985241bcf5483563150b968e3229823822979f3e4b8b"
url = "https://github.com/norwoodj/helm-docs/releases/download/v1.14.2/helm-docs_1.14.2_Darwin_arm64.tar.gz"

[tools.helm-docs."platforms.macos-x64"]
checksum = "sha256:b2f1ffd0feef8dc0901a38a2053481d1d67b63ca30da4ac774166c6b52fa2245"
url = "https://github.com/norwoodj/helm-docs/releases/download/v1.14.2/helm-docs_1.14.2_Darwin_x86_64.tar.gz"

[tools.helm-docs."platforms.windows-x64"]
checksum = "sha256:3c54fd78d99e2769cf83a0faf12cf6cd4de1cac6ed7bee8d908a2c8fc23f538c"
url = "https://github.com/norwoodj/helm-docs/releases/download/v1.14.2/helm-docs_1.14.2_Windows_x86_64.tar.gz"

[[tools.lefthook]]
version = "2.1.9"
backend = "aqua:evilmartians/lefthook"

[tools.lefthook."platforms.linux-arm64"]
checksum = "sha256:d1bae1c9c26b35270dd675c93c33cecead885368ed078b3976ec23cdcedd28e8"
url = "https://github.com/evilmartians/lefthook/releases/download/v2.1.9/lefthook_2.1.9_Linux_aarch64.gz"
provenance = "github-attestations"

[tools.lefthook."platforms.linux-arm64-musl"]
checksum = "sha256:d1bae1c9c26b35270dd675c93c33cecead885368ed078b3976ec23cdcedd28e8"
url = "https://github.com/evilmartians/lefthook/releases/download/v2.1.9/lefthook_2.1.9_Linux_aarch64.gz"
provenance = "github-attestations"

[tools.lefthook."platforms.linux-x64"]
checksum = "sha256:e938f34bd05bafe1155888879a045ef4ee8cf5b4a56c9e5e9b0c2649f295636e"
url = "https://github.com/evilmartians/lefthook/releases/download/v2.1.9/lefthook_2.1.9_Linux_x86_64.gz"
provenance = "github-attestations"

[tools.lefthook."platforms.linux-x64-musl"]
checksum = "sha256:e938f34bd05bafe1155888879a045ef4ee8cf5b4a56c9e5e9b0c2649f295636e"
url = "https://github.com/evilmartians/lefthook/releases/download/v2.1.9/lefthook_2.1.9_Linux_x86_64.gz"
provenance = "github-attestations"

[tools.lefthook."platforms.macos-arm64"]
checksum = "sha256:808f8ef81a61e01eb41c1a2951e5639804f2372dc6a484bbeff726406745c77f"
url = "https://github.com/evilmartians/lefthook/releases/download/v2.1.9/lefthook_2.1.9_MacOS_arm64.gz"
provenance = "github-attestations"

[tools.lefthook."platforms.macos-x64"]
checksum = "sha256:371c3c75cb07a8cdf41295596d3981adc1f92dee7795001f7d471e1f36fe2a0e"
url = "https://github.com/evilmartians/lefthook/releases/download/v2.1.9/lefthook_2.1.9_MacOS_x86_64.gz"
provenance = "github-attestations"

[tools.lefthook."platforms.windows-x64"]
checksum = "sha256:1f29681dfbc36b9bdde52139cca6c4668ea4d51fd81e9127a3b78f49369db67e"
url = "https://github.com/evilmartians/lefthook/releases/download/v2.1.9/lefthook_2.1.9_Windows_x86_64.gz"
provenance = "github-attestations"

[[tools.node]]
version = "24.16.0"
backend = "core:node"

[tools.node."platforms.linux-arm64"]
checksum = "sha256:589f5b6dd4fcfee4dfda73013903c966abaa8abd93dbc9d436544e472b4f0e74"
url = "https://nodejs.org/dist/v24.16.0/node-v24.16.0-linux-arm64.tar.gz"

[tools.node."platforms.linux-arm64-musl"]
checksum = "sha256:85dde27aa73503b03dadfa0410a800067b4e3f702fb7fcaa3beaf284dfcc69e9"
url = "https://unofficial-builds.nodejs.org/download/release/v24.16.0/node-v24.16.0-linux-arm64-musl.tar.gz"

[tools.node."platforms.linux-x64"]
checksum = "sha256:2faf6a387e9b62b888e21c54f01249fb27537ffecf1842f29f4c919d0a59a0ff"
url = "https://nodejs.org/dist/v24.16.0/node-v24.16.0-linux-x64.tar.gz"

[tools.node."platforms.linux-x64-musl"]
checksum = "sha256:50df5d8d474892d4f7b906167df36f77f5b93908f63dc532dc568219cab65841"
url = "https://unofficial-builds.nodejs.org/download/release/v24.16.0/node-v24.16.0-linux-x64-musl.tar.gz"

[tools.node."platforms.macos-arm64"]
checksum = "sha256:39189dab4eeb15706c424af0ac08a3044c9e48f7db12a7d77f6b7aafc7dd5df6"
url = "https://nodejs.org/dist/v24.16.0/node-v24.16.0-darwin-arm64.tar.gz"

[tools.node."platforms.macos-x64"]
checksum = "sha256:298b4c7b3cb80765c8703e42b90324a4ece3b6634947b89e769c3c980ab55185"
url = "https://nodejs.org/dist/v24.16.0/node-v24.16.0-darwin-x64.tar.gz"

[tools.node."platforms.windows-x64"]
checksum = "sha256:edaca9bd58ec8e92037dac4e877d52f6b8f430b81c18b57e264b4e2fb111cd56"
url = "https://nodejs.org/dist/v24.16.0/node-v24.16.0-win-x64.zip"

[[tools.npm]]
version = "11.16.0"
backend = "aqua:npm/cli"

[tools.npm."platforms.linux-arm64"]
url = "https://registry.npmjs.org/npm/-/npm-11.16.0.tgz"

[tools.npm."platforms.linux-arm64-musl"]
url = "https://registry.npmjs.org/npm/-/npm-11.16.0.tgz"

[tools.npm."platforms.linux-x64"]
url = "https://registry.npmjs.org/npm/-/npm-11.16.0.tgz"

[tools.npm."platforms.linux-x64-musl"]
url = "https://registry.npmjs.org/npm/-/npm-11.16.0.tgz"

[tools.npm."platforms.macos-arm64"]
checksum = "blake3:de47cefae7d6ff5e799ad3ef53f3ccddc67d82ecf19f91f723719cae0989169c"
url = "https://registry.npmjs.org/npm/-/npm-11.16.0.tgz"

[tools.npm."platforms.macos-x64"]
url = "https://registry.npmjs.org/npm/-/npm-11.16.0.tgz"

[tools.npm."platforms.windows-x64"]
url = "https://registry.npmjs.org/npm/-/npm-11.16.0.tgz"

[[tools.oxfmt]]
version = "0.53.0"
backend = "npm:oxfmt"

[[tools.yq]]
version = "4.53.3"
backend = "aqua:mikefarah/yq"

[tools.yq."platforms.linux-arm64"]
checksum = "sha256:578648e463a11c1b6db6010cbf41eafed6bee79466fcffa1bb446672cf7945ea"
url = "https://github.com/mikefarah/yq/releases/download/v4.53.3/yq_linux_arm64"

[tools.yq."platforms.linux-arm64-musl"]
checksum = "sha256:578648e463a11c1b6db6010cbf41eafed6bee79466fcffa1bb446672cf7945ea"
url = "https://github.com/mikefarah/yq/releases/download/v4.53.3/yq_linux_arm64"

[tools.yq."platforms.linux-x64"]
checksum = "sha256:fa52a4e758c63d38299163fbdd1edfb4c4963247918bf9c1c5d31d84789eded4"
url = "https://github.com/mikefarah/yq/releases/download/v4.53.3/yq_linux_amd64"

[tools.yq."platforms.linux-x64-musl"]
checksum = "sha256:fa52a4e758c63d38299163fbdd1edfb4c4963247918bf9c1c5d31d84789eded4"
url = "https://github.com/mikefarah/yq/releases/download/v4.53.3/yq_linux_amd64"

[tools.yq."platforms.macos-arm64"]
checksum = "sha256:877de31753a4dd2401aa048937aa9a7fc4d5f6ce858cf31508c5802954297213"
url = "https://github.com/mikefarah/yq/releases/download/v4.53.3/yq_darwin_arm64"

[tools.yq."platforms.macos-x64"]
checksum = "sha256:b4ba1ecce3c47f00803f4f964de38394326c7a32eb6540616e04fb2935a0f08d"
url = "https://github.com/mikefarah/yq/releases/download/v4.53.3/yq_darwin_amd64"

[tools.yq."platforms.windows-x64"]
checksum = "sha256:e279bc506a452eeafcdf364f91a025455e402a8001169083caf01f4b64a544e2"
url = "https://github.com/mikefarah/yq/releases/download/v4.53.3/yq_windows_amd64.exe"

[[tools.zizmor]]
version = "1.25.2"
backend = "aqua:zizmorcore/zizmor"

[tools.zizmor."platforms.linux-arm64"]
checksum = "sha256:4b4b9491112c2a09b318101c0d3349b73af1c4f532e097dd6d0164f2abda760d"
url = "https://github.com/zizmorcore/zizmor/releases/download/v1.25.2/zizmor-aarch64-unknown-linux-gnu.tar.gz"
provenance = "github-attestations"

[tools.zizmor."platforms.linux-arm64-musl"]
provenance = "github-attestations"

[tools.zizmor."platforms.linux-x64"]
checksum = "sha256:aa1facd105f0d83fe5c55b1adcd9d7417de5d83aa27471f91dc0b66cf3803577"
url = "https://github.com/zizmorcore/zizmor/releases/download/v1.25.2/zizmor-x86_64-unknown-linux-gnu.tar.gz"
provenance = "github-attestations"

[tools.zizmor."platforms.linux-x64-musl"]
provenance = "github-attestations"

[tools.zizmor."platforms.macos-arm64"]
checksum = "sha256:624ef0e09521aecd862126be0f6d7754669af2646750d68ac48a114be33c3146"
url = "https://github.com/zizmorcore/zizmor/releases/download/v1.25.2/zizmor-aarch64-apple-darwin.tar.gz"
provenance = "github-attestations"

[tools.zizmor."platforms.macos-x64"]
checksum = "sha256:353271b9ec301dd4ba158af481323c831c6e9b494d5ac3f5aa58cf4b207699cc"
url = "https://github.com/zizmorcore/zizmor/releases/download/v1.25.2/zizmor-x86_64-apple-darwin.tar.gz"
provenance = "github-attestations"

[tools.zizmor."platforms.windows-x64"]
checksum = "sha256:65d46a8144f701200621b580f632076d80d082d60856de9f88793a95fb5882d7"
url = "https://github.com/zizmorcore/zizmor/releases/download/v1.25.2/zizmor-x86_64-pc-windows-msvc.zip"
provenance = "github-attestations"
